
Microsoft Visual Studio Solution File, Format Version 11.00
# Visual Studio 2010
Project("{F184B08F-C81C-45F6-A57F-5ABD9991F28F}") = "CompareFuelCost", "CompareFuelCost\CompareFuelCost.vbproj", "{A545DA74-19D1-4D4C-8642-FB5081610032}"
EndProject
Global
	GlobalSection(SolutionConfigurationPlatforms) = preSolution
		Debug|x86 = Debug|x86
		Release|x86 = Release|x86
	EndGlobalSection
	GlobalSection(ProjectConfigurationPlatforms) = postSolution
		{A545DA74-19D1-4D4C-8642-FB5081610032}.Debug|x86.ActiveCfg = Debug|x86
		{A545DA74-19D1-4D4C-8642-FB5081610032}.Debug|x86.Build.0 = Debug|x86
		{A545DA74-19D1-4D4C-8642-FB5081610032}.Release|x86.ActiveCfg = Release|x86
		{A545DA74-19D1-4D4C-8642-FB5081610032}.Release|x86.Build.0 = Release|x86
	EndGlobalSection
	GlobalSection(SolutionProperties) = preSolution
		HideSolutionNode = FALSE
	EndGlobalSection
EndGlobal
